
Microsoft Visual Studio Solution File, Format Version 12.00
# Visual Studio Version 17
VisualStudioVersion = 17.10.35122.118
MinimumVisualStudioVersion = 10.0.40219.1
Project("{9A19103F-16F7-4668-BE54-9A1E7A4F7556}") = "Module07DataAccess", "Module07DataAccess.csproj", "{90BFFAD6-CD03-4DF9-8354-578DDDC8E476}"
EndProject
Global
	GlobalSection(SolutionConfigurationPlatforms) = preSolution
		Debug|Any CPU = Debug|Any CPU
		Release|Any CPU = Release|Any CPU
	EndGlobalSection
	GlobalSection(ProjectConfigurationPlatforms) = postSolution
		{90BFFAD6-CD03-4DF9-8354-578DDDC8E476}.Debug|Any CPU.ActiveCfg = Debug|Any CPU
		{90BFFAD6-CD03-4DF9-8354-578DDDC8E476}.Debug|Any CPU.Build.0 = Debug|Any CPU
		{90BFFAD6-CD03-4DF9-8354-578DDDC8E476}.Debug|Any CPU.Deploy.0 = Debug|Any CPU
		{90BFFAD6-CD03-4DF9-8354-578DDDC8E476}.Release|Any CPU.ActiveCfg = Release|Any CPU
		{90BFFAD6-CD03-4DF9-8354-578DDDC8E476}.Release|Any CPU.Build.0 = Release|Any CPU
		{90BFFAD6-CD03-4DF9-8354-578DDDC8E476}.Release|Any CPU.Deploy.0 = Release|Any CPU
	EndGlobalSection
	GlobalSection(SolutionProperties) = preSolution
		HideSolutionNode = FALSE
	EndGlobalSection
	GlobalSection(ExtensibilityGlobals) = postSolution
		SolutionGuid = {724D7966-B20C-4499-96CB-102993E4A785}
	EndGlobalSection
EndGlobal
